
Microsoft Visual Studio Solution File, Format Version 12.00
# Visual Studio Version 16
VisualStudioVersion = 16.0.32106.194
MinimumVisualStudioVersion = 10.0.40219.1
Project("{FAE04EC0-301F-11D3-BF4B-00C04F79EFBC}") = "FileOrganizer", "FileOrganizer\FileOrganizer.csproj", "{1FD8C28E-1C62-41F5-9AB2-E33BFB50DC21}"
EndProject
Global
	GlobalSection(SolutionConfigurationPlatforms) = preSolution
		Debug|Any CPU = Debug|Any CPU
		Release|Any CPU = Release|Any CPU
	EndGlobalSection
	GlobalSection(ProjectConfigurationPlatforms) = postSolution
		{1FD8C28E-1C62-41F5-9AB2-E33BFB50DC21}.Debug|Any CPU.ActiveCfg = Debug|Any CPU
		{1FD8C28E-1C62-41F5-9AB2-E33BFB50DC21}.Debug|Any CPU.Build.0 = Debug|Any CPU
		{1FD8C28E-1C62-41F5-9AB2-E33BFB50DC21}.Release|Any CPU.ActiveCfg = Release|Any CPU
		{1FD8C28E-1C62-41F5-9AB2-E33BFB50DC21}.Release|Any CPU.Build.0 = Release|Any CPU
	EndGlobalSection
	GlobalSection(SolutionProperties) = preSolution
		HideSolutionNode = FALSE
	EndGlobalSection
	GlobalSection(ExtensibilityGlobals) = postSolution
		SolutionGuid = {0455D6CE-B105-4869-AB2B-CC48B6E8256B}
	EndGlobalSection
EndGlobal
